
Microsoft Visual Studio Solution File, Format Version 12.00
# Visual Studio Version 17
VisualStudioVersion = 17.7.34202.233
MinimumVisualStudioVersion = 10.0.40219.1
Project("{FAE04EC0-301F-11D3-BF4B-00C04F79EFBC}") = "validSentenceCheck", "validSentenceCheck\validSentenceCheck.csproj", "{3155DA9C-A10D-4C1F-9764-D8AED1DCC0EF}"
EndProject
Project("{FAE04EC0-301F-11D3-BF4B-00C04F79EFBC}") = "validSentenceTesting", "validSentenceTesting\validSentenceTesting.csproj", "{E4807A6C-E863-4D08-A126-F38EF4D50731}"
EndProject
Global
	GlobalSection(SolutionConfigurationPlatforms) = preSolution
		Debug|Any CPU = Debug|Any CPU
		Release|Any CPU = Release|Any CPU
	EndGlobalSection
	GlobalSection(ProjectConfigurationPlatforms) = postSolution
		{3155DA9C-A10D-4C1F-9764-D8AED1DCC0EF}.Debug|Any CPU.ActiveCfg = Debug|Any CPU
		{3155DA9C-A10D-4C1F-9764-D8AED1DCC0EF}.Debug|Any CPU.Build.0 = Debug|Any CPU
		{3155DA9C-A10D-4C1F-9764-D8AED1DCC0EF}.Release|Any CPU.ActiveCfg = Release|Any CPU
		{3155DA9C-A10D-4C1F-9764-D8AED1DCC0EF}.Release|Any CPU.Build.0 = Release|Any CPU
		{E4807A6C-E863-4D08-A126-F38EF4D50731}.Debug|Any CPU.ActiveCfg = Debug|Any CPU
		{E4807A6C-E863-4D08-A126-F38EF4D50731}.Debug|Any CPU.Build.0 = Debug|Any CPU
		{E4807A6C-E863-4D08-A126-F38EF4D50731}.Release|Any CPU.ActiveCfg = Release|Any CPU
		{E4807A6C-E863-4D08-A126-F38EF4D50731}.Release|Any CPU.Build.0 = Release|Any CPU
	EndGlobalSection
	GlobalSection(SolutionProperties) = preSolution
		HideSolutionNode = FALSE
	EndGlobalSection
	GlobalSection(ExtensibilityGlobals) = postSolution
		SolutionGuid = {608A43C5-8F67-4DB9-B043-88E6869900AD}
	EndGlobalSection
EndGlobal
